# This file is automatically @generated by Cargo.
# It is not intended for manual editing.
version = 3

[[package]]
name = "counted-array"
version = "0.1.2"
source = "registry+https://github.com/rust-lang/crates.io-index"
checksum = "384f8c53175c890920b6e0127b730709d2a173ca6c4dfdc81618ac9b46f648fe"

[[package]]
name = "rust"
version = "0.1.0"
dependencies = [
 "counted-array",
]
